
Microsoft Visual Studio Solution File, Format Version 12.00
# Visual Studio 2013
VisualStudioVersion = 12.0.30723.0
MinimumVisualStudioVersion = 10.0.40219.1
Project("{FAE04EC0-301F-11D3-BF4B-00C04F79EFBC}") = "GS.EventLog.WebClients", "GS.EventLog.WebClients\GS.EventLog.WebClients.csproj", "{669ADE46-490A-4395-BF7F-CD9E6FF1F266}"
EndProject
Project("{FAE04EC0-301F-11D3-BF4B-00C04F79EFBC}") = "caWebEventLogClient01", "caWebEventLogClient01\caWebEventLogClient01.csproj", "{46A7A355-9329-40EF-889B-77D84E63548D}"
EndProject
Project("{2150E333-8FDC-42A3-9474-1A3956D46DE8}") = ".nuget", ".nuget", "{A544BFF7-60E3-40DE-8F4C-2553B365AC01}"
	ProjectSection(SolutionItems) = preProject
		.nuget\NuGet.Config = .nuget\NuGet.Config
		.nuget\NuGet.exe = .nuget\NuGet.exe
		.nuget\NuGet.targets = .nuget\NuGet.targets
	EndProjectSection
EndProject
Global
	GlobalSection(SolutionConfigurationPlatforms) = preSolution
		Debug|Any CPU = Debug|Any CPU
		Release|Any CPU = Release|Any CPU
	EndGlobalSection
	GlobalSection(ProjectConfigurationPlatforms) = postSolution
		{669ADE46-490A-4395-BF7F-CD9E6FF1F266}.Debug|Any CPU.ActiveCfg = Debug|Any CPU
		{669ADE46-490A-4395-BF7F-CD9E6FF1F266}.Debug|Any CPU.Build.0 = Debug|Any CPU
		{669ADE46-490A-4395-BF7F-CD9E6FF1F266}.Release|Any CPU.ActiveCfg = Release|Any CPU
		{669ADE46-490A-4395-BF7F-CD9E6FF1F266}.Release|Any CPU.Build.0 = Release|Any CPU
		{46A7A355-9329-40EF-889B-77D84E63548D}.Debug|Any CPU.ActiveCfg = Debug|Any CPU
		{46A7A355-9329-40EF-889B-77D84E63548D}.Debug|Any CPU.Build.0 = Debug|Any CPU
		{46A7A355-9329-40EF-889B-77D84E63548D}.Release|Any CPU.ActiveCfg = Release|Any CPU
		{46A7A355-9329-40EF-889B-77D84E63548D}.Release|Any CPU.Build.0 = Release|Any CPU
	EndGlobalSection
	GlobalSection(SolutionProperties) = preSolution
		HideSolutionNode = FALSE
	EndGlobalSection
EndGlobal
