
Microsoft Visual Studio Solution File, Format Version 12.00
# Visual Studio 2012
Project("{FAE04EC0-301F-11D3-BF4B-00C04F79EFBC}") = "GS.Trade.DataBase.Series", "..\GS.Trade.DataBase.Series\GS.Trade.DataBase.Series.csproj", "{F98042EB-8009-4B41-A352-9602E837ED75}"
EndProject
Project("{FAE04EC0-301F-11D3-BF4B-00C04F79EFBC}") = "Series_Mvc01", "Series_Mvc01\Series_Mvc01.csproj", "{32D28E6D-A41D-424F-90B2-51574E2019EC}"
EndProject
Project("{FAE04EC0-301F-11D3-BF4B-00C04F79EFBC}") = "Creator01", "Creator01\Creator01.csproj", "{DE7AEE33-A267-4CA5-8F2A-CB8984AC48E9}"
EndProject
Project("{FAE04EC0-301F-11D3-BF4B-00C04F79EFBC}") = "TimeSeries_Mvc01", "TimeSeries_Mvc01\TimeSeries_Mvc01.csproj", "{86AF2A7A-BA93-4E6E-B892-3EF10825CD86}"
EndProject
Global
	GlobalSection(SolutionConfigurationPlatforms) = preSolution
		Debug|Any CPU = Debug|Any CPU
		Release|Any CPU = Release|Any CPU
	EndGlobalSection
	GlobalSection(ProjectConfigurationPlatforms) = postSolution
		{F98042EB-8009-4B41-A352-9602E837ED75}.Debug|Any CPU.ActiveCfg = Debug|Any CPU
		{F98042EB-8009-4B41-A352-9602E837ED75}.Debug|Any CPU.Build.0 = Debug|Any CPU
		{F98042EB-8009-4B41-A352-9602E837ED75}.Release|Any CPU.ActiveCfg = Release|Any CPU
		{F98042EB-8009-4B41-A352-9602E837ED75}.Release|Any CPU.Build.0 = Release|Any CPU
		{32D28E6D-A41D-424F-90B2-51574E2019EC}.Debug|Any CPU.ActiveCfg = Debug|Any CPU
		{32D28E6D-A41D-424F-90B2-51574E2019EC}.Debug|Any CPU.Build.0 = Debug|Any CPU
		{32D28E6D-A41D-424F-90B2-51574E2019EC}.Release|Any CPU.ActiveCfg = Release|Any CPU
		{32D28E6D-A41D-424F-90B2-51574E2019EC}.Release|Any CPU.Build.0 = Release|Any CPU
		{DE7AEE33-A267-4CA5-8F2A-CB8984AC48E9}.Debug|Any CPU.ActiveCfg = Debug|Any CPU
		{DE7AEE33-A267-4CA5-8F2A-CB8984AC48E9}.Debug|Any CPU.Build.0 = Debug|Any CPU
		{DE7AEE33-A267-4CA5-8F2A-CB8984AC48E9}.Release|Any CPU.ActiveCfg = Release|Any CPU
		{DE7AEE33-A267-4CA5-8F2A-CB8984AC48E9}.Release|Any CPU.Build.0 = Release|Any CPU
		{86AF2A7A-BA93-4E6E-B892-3EF10825CD86}.Debug|Any CPU.ActiveCfg = Debug|Any CPU
		{86AF2A7A-BA93-4E6E-B892-3EF10825CD86}.Debug|Any CPU.Build.0 = Debug|Any CPU
		{86AF2A7A-BA93-4E6E-B892-3EF10825CD86}.Release|Any CPU.ActiveCfg = Release|Any CPU
		{86AF2A7A-BA93-4E6E-B892-3EF10825CD86}.Release|Any CPU.Build.0 = Release|Any CPU
	EndGlobalSection
	GlobalSection(SolutionProperties) = preSolution
		HideSolutionNode = FALSE
	EndGlobalSection
EndGlobal
