
Microsoft Visual Studio Solution File, Format Version 12.00
# Visual Studio 14
VisualStudioVersion = 14.0.25420.1
MinimumVisualStudioVersion = 10.0.40219.1
Project("{FAE04EC0-301F-11D3-BF4B-00C04F79EFBC}") = "GS.Contexts", "GS.Contexts\GS.Contexts.csproj", "{878ED8EF-339B-4C27-BF2A-B4909188DD96}"
EndProject
Project("{FAE04EC0-301F-11D3-BF4B-00C04F79EFBC}") = "Ca_Test_Context2_01", "Ca_Test_Context2_01\Ca_Test_Context2_01.csproj", "{DD45A162-022A-4230-B330-5705E0411E49}"
EndProject
Project("{FAE04EC0-301F-11D3-BF4B-00C04F79EFBC}") = "TestContext_WinServ01", "TestContext_WinServ01\TestContext_WinServ01.csproj", "{34B16295-030A-4960-A49E-67190BC393B3}"
EndProject
Project("{FAE04EC0-301F-11D3-BF4B-00C04F79EFBC}") = "TestContextWinServ02", "TestContextWinServ02\TestContextWinServ02.csproj", "{06731DB2-2A28-4DC8-85F4-CFFE2789FD2F}"
EndProject
Global
	GlobalSection(SolutionConfigurationPlatforms) = preSolution
		Debug|Any CPU = Debug|Any CPU
		Release|Any CPU = Release|Any CPU
	EndGlobalSection
	GlobalSection(ProjectConfigurationPlatforms) = postSolution
		{878ED8EF-339B-4C27-BF2A-B4909188DD96}.Debug|Any CPU.ActiveCfg = Debug|Any CPU
		{878ED8EF-339B-4C27-BF2A-B4909188DD96}.Debug|Any CPU.Build.0 = Debug|Any CPU
		{878ED8EF-339B-4C27-BF2A-B4909188DD96}.Release|Any CPU.ActiveCfg = Release|Any CPU
		{878ED8EF-339B-4C27-BF2A-B4909188DD96}.Release|Any CPU.Build.0 = Release|Any CPU
		{DD45A162-022A-4230-B330-5705E0411E49}.Debug|Any CPU.ActiveCfg = Debug|Any CPU
		{DD45A162-022A-4230-B330-5705E0411E49}.Debug|Any CPU.Build.0 = Debug|Any CPU
		{DD45A162-022A-4230-B330-5705E0411E49}.Release|Any CPU.ActiveCfg = Release|Any CPU
		{DD45A162-022A-4230-B330-5705E0411E49}.Release|Any CPU.Build.0 = Release|Any CPU
		{34B16295-030A-4960-A49E-67190BC393B3}.Debug|Any CPU.ActiveCfg = Debug|Any CPU
		{34B16295-030A-4960-A49E-67190BC393B3}.Debug|Any CPU.Build.0 = Debug|Any CPU
		{34B16295-030A-4960-A49E-67190BC393B3}.Release|Any CPU.ActiveCfg = Release|Any CPU
		{34B16295-030A-4960-A49E-67190BC393B3}.Release|Any CPU.Build.0 = Release|Any CPU
		{06731DB2-2A28-4DC8-85F4-CFFE2789FD2F}.Debug|Any CPU.ActiveCfg = Debug|Any CPU
		{06731DB2-2A28-4DC8-85F4-CFFE2789FD2F}.Debug|Any CPU.Build.0 = Debug|Any CPU
		{06731DB2-2A28-4DC8-85F4-CFFE2789FD2F}.Release|Any CPU.ActiveCfg = Release|Any CPU
		{06731DB2-2A28-4DC8-85F4-CFFE2789FD2F}.Release|Any CPU.Build.0 = Release|Any CPU
	EndGlobalSection
	GlobalSection(SolutionProperties) = preSolution
		HideSolutionNode = FALSE
	EndGlobalSection
EndGlobal
